
Microsoft Visual Studio Solution File, Format Version 12.00
# Visual Studio Version 16
VisualStudioVersion = 16.0.30611.23
MinimumVisualStudioVersion = 10.0.40219.1
Project("{FAE04EC0-301F-11D3-BF4B-00C04F79EFBC}") = "Curso-NET-Core-Seguridad", "Curso-NET-Core-Seguridad.csproj", "{EBF79CB6-768B-40B2-B3B5-9A5CFC957FC2}"
EndProject
Global
	GlobalSection(SolutionConfigurationPlatforms) = preSolution
		Debug|Any CPU = Debug|Any CPU
		Release|Any CPU = Release|Any CPU
	EndGlobalSection
	GlobalSection(ProjectConfigurationPlatforms) = postSolution
		{EBF79CB6-768B-40B2-B3B5-9A5CFC957FC2}.Debug|Any CPU.ActiveCfg = Debug|Any CPU
		{EBF79CB6-768B-40B2-B3B5-9A5CFC957FC2}.Debug|Any CPU.Build.0 = Debug|Any CPU
		{EBF79CB6-768B-40B2-B3B5-9A5CFC957FC2}.Release|Any CPU.ActiveCfg = Release|Any CPU
		{EBF79CB6-768B-40B2-B3B5-9A5CFC957FC2}.Release|Any CPU.Build.0 = Release|Any CPU
	EndGlobalSection
	GlobalSection(SolutionProperties) = preSolution
		HideSolutionNode = FALSE
	EndGlobalSection
	GlobalSection(ExtensibilityGlobals) = postSolution
		SolutionGuid = {C8C1359F-694D-401B-840F-B9498034B1F4}
	EndGlobalSection
EndGlobal
